
Microsoft Visual Studio Solution File, Format Version 12.00
# Visual Studio Version 17
VisualStudioVersion = 17.4.33110.190
MinimumVisualStudioVersion = 10.0.40219.1
Project("{FAE04EC0-301F-11D3-BF4B-00C04F79EFBC}") = "ExercicioAbstract", "ExercicioAbstract\ExercicioAbstract.csproj", "{9BF49ED7-5C86-4E69-AD1A-AEE2C00C9E1C}"
EndProject
Global
	GlobalSection(SolutionConfigurationPlatforms) = preSolution
		Debug|Any CPU = Debug|Any CPU
		Release|Any CPU = Release|Any CPU
	EndGlobalSection
	GlobalSection(ProjectConfigurationPlatforms) = postSolution
		{9BF49ED7-5C86-4E69-AD1A-AEE2C00C9E1C}.Debug|Any CPU.ActiveCfg = Debug|Any CPU
		{9BF49ED7-5C86-4E69-AD1A-AEE2C00C9E1C}.Debug|Any CPU.Build.0 = Debug|Any CPU
		{9BF49ED7-5C86-4E69-AD1A-AEE2C00C9E1C}.Release|Any CPU.ActiveCfg = Release|Any CPU
		{9BF49ED7-5C86-4E69-AD1A-AEE2C00C9E1C}.Release|Any CPU.Build.0 = Release|Any CPU
	EndGlobalSection
	GlobalSection(SolutionProperties) = preSolution
		HideSolutionNode = FALSE
	EndGlobalSection
	GlobalSection(ExtensibilityGlobals) = postSolution
		SolutionGuid = {EB12DF9C-7E38-4D5F-8277-9E4DBADA319D}
	EndGlobalSection
EndGlobal
